
Microsoft Visual Studio Solution File, Format Version 12.00
# Visual Studio 15
VisualStudioVersion = 15.0.28306.52
MinimumVisualStudioVersion = 10.0.40219.1
Project("{FAE04EC0-301F-11D3-BF4B-00C04F79EFBC}") = "WindowsFormsApp2", "WindowsFormsApp2\WindowsFormsApp2.csproj", "{D4D10019-F5AF-440D-BE38-90B5AADE31F8}"
EndProject
Project("{FAE04EC0-301F-11D3-BF4B-00C04F79EFBC}") = "UnitTestProject1", "UnitTestProject1\UnitTestProject1.csproj", "{F68283B0-46ED-4E96-9773-042BF40E0E13}"
EndProject
Global
	GlobalSection(SolutionConfigurationPlatforms) = preSolution
		Debug|Any CPU = Debug|Any CPU
		Release|Any CPU = Release|Any CPU
	EndGlobalSection
	GlobalSection(ProjectConfigurationPlatforms) = postSolution
		{D4D10019-F5AF-440D-BE38-90B5AADE31F8}.Debug|Any CPU.ActiveCfg = Debug|Any CPU
		{D4D10019-F5AF-440D-BE38-90B5AADE31F8}.Debug|Any CPU.Build.0 = Debug|Any CPU
		{D4D10019-F5AF-440D-BE38-90B5AADE31F8}.Release|Any CPU.ActiveCfg = Release|Any CPU
		{D4D10019-F5AF-440D-BE38-90B5AADE31F8}.Release|Any CPU.Build.0 = Release|Any CPU
		{F68283B0-46ED-4E96-9773-042BF40E0E13}.Debug|Any CPU.ActiveCfg = Debug|Any CPU
		{F68283B0-46ED-4E96-9773-042BF40E0E13}.Debug|Any CPU.Build.0 = Debug|Any CPU
		{F68283B0-46ED-4E96-9773-042BF40E0E13}.Release|Any CPU.ActiveCfg = Release|Any CPU
		{F68283B0-46ED-4E96-9773-042BF40E0E13}.Release|Any CPU.Build.0 = Release|Any CPU
	EndGlobalSection
	GlobalSection(SolutionProperties) = preSolution
		HideSolutionNode = FALSE
	EndGlobalSection
	GlobalSection(ExtensibilityGlobals) = postSolution
		SolutionGuid = {7CB8229B-354A-4A38-AE44-D9EE1C381524}
	EndGlobalSection
EndGlobal
